
Microsoft Visual Studio Solution File, Format Version 12.00
# Visual Studio Version 16
VisualStudioVersion = 16.0.31019.35
MinimumVisualStudioVersion = 10.0.40219.1
Project("{FAE04EC0-301F-11D3-BF4B-00C04F79EFBC}") = "Oczko", "Oczko.csproj", "{3C084F38-696A-467C-BCB7-BD1FE196E03C}"
EndProject
Project("{FAE04EC0-301F-11D3-BF4B-00C04F79EFBC}") = "nUnitTest", "..\nUnitTest\nUnitTest.csproj", "{28A765E9-1724-451F-85B3-51031BFD4796}"
EndProject
Global
	GlobalSection(SolutionConfigurationPlatforms) = preSolution
		Debug|Any CPU = Debug|Any CPU
		Release|Any CPU = Release|Any CPU
	EndGlobalSection
	GlobalSection(ProjectConfigurationPlatforms) = postSolution
		{3C084F38-696A-467C-BCB7-BD1FE196E03C}.Debug|Any CPU.ActiveCfg = Debug|Any CPU
		{3C084F38-696A-467C-BCB7-BD1FE196E03C}.Debug|Any CPU.Build.0 = Debug|Any CPU
		{3C084F38-696A-467C-BCB7-BD1FE196E03C}.Release|Any CPU.ActiveCfg = Release|Any CPU
		{3C084F38-696A-467C-BCB7-BD1FE196E03C}.Release|Any CPU.Build.0 = Release|Any CPU
		{28A765E9-1724-451F-85B3-51031BFD4796}.Debug|Any CPU.ActiveCfg = Debug|Any CPU
		{28A765E9-1724-451F-85B3-51031BFD4796}.Debug|Any CPU.Build.0 = Debug|Any CPU
		{28A765E9-1724-451F-85B3-51031BFD4796}.Release|Any CPU.ActiveCfg = Release|Any CPU
		{28A765E9-1724-451F-85B3-51031BFD4796}.Release|Any CPU.Build.0 = Release|Any CPU
	EndGlobalSection
	GlobalSection(SolutionProperties) = preSolution
		HideSolutionNode = FALSE
	EndGlobalSection
	GlobalSection(ExtensibilityGlobals) = postSolution
		SolutionGuid = {0C3456CB-84CB-45DC-953E-A44EB143E0DB}
	EndGlobalSection
EndGlobal
